github.com/pkg/errors v0.9.1 h1:FEBLx1zS214owpjy7qsBeixbURkuhQAwrK5UwLGTwt4=
github.com/pkg/errors v0.9.1/go.mod h1:bwawxfHBFNV+L2hUp1rHADufV3IMtnDRdf1r5NINEl0=
github.com/zzzzer91/httpgo v0.0.0-20230312100832-b109ee7bcb2a h1:2z9iZtbHfSbCzMo+Y9BlQ15/H71EQE0BJT13Nk5OpyU=
github.com/zzzzer91/httpgo v0.0.0-20230312100832-b109ee7bcb2a/go.mod h1:S1RThqxrxkxJGfPkWNxDnX/FL7C790eCTomqRyqEEo8=
